
Microsoft Visual Studio Solution File, Format Version 12.00
# Visual Studio 15
VisualStudioVersion = 15.0.28307.645
MinimumVisualStudioVersion = 10.0.40219.1
Project("{FAE04EC0-301F-11D3-BF4B-00C04F79EFBC}") = "SummerVABotChar", "SummerVABotChar\SummerVABotChar\SummerVABotChar.csproj", "{DADBC9D4-8E6C-484D-AAA5-DB0BF1A49927}"
EndProject
Project("{FAE04EC0-301F-11D3-BF4B-00C04F79EFBC}") = "SummerVABotChar.Tests", "SummerVABotChar\SummerVABotChar.Tests\SummerVABotChar.Tests.csproj", "{E7678411-EDE6-4326-A077-F510439A6880}"
EndProject
Global
	GlobalSection(SolutionConfigurationPlatforms) = preSolution
		Debug|Any CPU = Debug|Any CPU
		Release|Any CPU = Release|Any CPU
	EndGlobalSection
	GlobalSection(ProjectConfigurationPlatforms) = postSolution
		{DADBC9D4-8E6C-484D-AAA5-DB0BF1A49927}.Debug|Any CPU.ActiveCfg = Debug|Any CPU
		{DADBC9D4-8E6C-484D-AAA5-DB0BF1A49927}.Debug|Any CPU.Build.0 = Debug|Any CPU
		{DADBC9D4-8E6C-484D-AAA5-DB0BF1A49927}.Release|Any CPU.ActiveCfg = Release|Any CPU
		{DADBC9D4-8E6C-484D-AAA5-DB0BF1A49927}.Release|Any CPU.Build.0 = Release|Any CPU
		{E7678411-EDE6-4326-A077-F510439A6880}.Debug|Any CPU.ActiveCfg = Debug|Any CPU
		{E7678411-EDE6-4326-A077-F510439A6880}.Debug|Any CPU.Build.0 = Debug|Any CPU
		{E7678411-EDE6-4326-A077-F510439A6880}.Release|Any CPU.ActiveCfg = Release|Any CPU
		{E7678411-EDE6-4326-A077-F510439A6880}.Release|Any CPU.Build.0 = Release|Any CPU
	EndGlobalSection
	GlobalSection(SolutionProperties) = preSolution
		HideSolutionNode = FALSE
	EndGlobalSection
	GlobalSection(ExtensibilityGlobals) = postSolution
		SolutionGuid = {5470F018-E9A3-4799-A0CA-5E30AD3F4B87}
	EndGlobalSection
EndGlobal
